
Microsoft Visual Studio Solution File, Format Version 12.00
# Visual Studio Version 16
VisualStudioVersion = 25.0.1703.1
MinimumVisualStudioVersion = 10.0.40219.1
Project("{2150E333-8FDC-42A3-9474-1A3956D46DE8}") = "Seminar6", "Seminar6", "{B2C44A7F-850E-4B99-854D-CD2AB31A2C5B}"
EndProject
Project("{FAE04EC0-301F-11D3-BF4B-00C04F79EFBC}") = "Seminar6_Home_Task43", "Seminar6\Seminar6_Home_Task43\Seminar6_Home_Task43.csproj", "{AE45DAEC-63EE-4209-8407-298CDE550187}"
EndProject
Global
	GlobalSection(SolutionConfigurationPlatforms) = preSolution
		Debug|Any CPU = Debug|Any CPU
		Release|Any CPU = Release|Any CPU
	EndGlobalSection
	GlobalSection(ProjectConfigurationPlatforms) = postSolution
		{AE45DAEC-63EE-4209-8407-298CDE550187}.Debug|Any CPU.ActiveCfg = Debug|Any CPU
		{AE45DAEC-63EE-4209-8407-298CDE550187}.Debug|Any CPU.Build.0 = Debug|Any CPU
		{AE45DAEC-63EE-4209-8407-298CDE550187}.Release|Any CPU.ActiveCfg = Release|Any CPU
		{AE45DAEC-63EE-4209-8407-298CDE550187}.Release|Any CPU.Build.0 = Release|Any CPU
	EndGlobalSection
	GlobalSection(SolutionProperties) = preSolution
		HideSolutionNode = FALSE
	EndGlobalSection
	GlobalSection(ExtensibilityGlobals) = postSolution
		SolutionGuid = {7ADD6069-5161-4790-B4D3-8872B2413127}
	EndGlobalSection
	GlobalSection(NestedProjects) = preSolution
		{AE45DAEC-63EE-4209-8407-298CDE550187} = {B2C44A7F-850E-4B99-854D-CD2AB31A2C5B}
	EndGlobalSection
EndGlobal
