
Microsoft Visual Studio Solution File, Format Version 12.00
# Visual Studio Version 16
VisualStudioVersion = 25.0.1703.1
MinimumVisualStudioVersion = 10.0.40219.1
Project("{FAE04EC0-301F-11D3-BF4B-00C04F79EFBC}") = "Seminar4_OnlineTask1", "Seminar4_OnlineTask1\Seminar4_OnlineTask1.csproj", "{157F29F2-3F5C-4BD4-9763-6DC12A6271E3}"
EndProject
Project("{FAE04EC0-301F-11D3-BF4B-00C04F79EFBC}") = "Seminar4_OnlineTask2", "Seminar4_OnlineTask2\Seminar4_OnlineTask2.csproj", "{802EDDA7-72E3-4848-B49C-36401DDDFC37}"
EndProject
Project("{FAE04EC0-301F-11D3-BF4B-00C04F79EFBC}") = "Seminar4_OnlineTask3", "Seminar4_OnlineTask3\Seminar4_OnlineTask3.csproj", "{F191F293-A4AE-4DA9-8950-0643D97C15D7}"
EndProject
Project("{FAE04EC0-301F-11D3-BF4B-00C04F79EFBC}") = "Seminar4_HomeTask25", "Seminar4_HomeTask25\Seminar4_HomeTask25.csproj", "{E3800903-3C53-4F38-ACF3-3BD5EF247D41}"
EndProject
Project("{FAE04EC0-301F-11D3-BF4B-00C04F79EFBC}") = "Seminar4_HomeTask27", "Seminar4_HomeTask27\Seminar4_HomeTask27.csproj", "{AC1FCD3E-B9B5-4CB0-9DDE-0B55CF686D3D}"
EndProject
Project("{FAE04EC0-301F-11D3-BF4B-00C04F79EFBC}") = "Seminar4_HomeTask29", "Seminar4_HomeTask29\Seminar4_HomeTask29.csproj", "{67C63117-326F-4090-9699-EDBDA377434C}"
EndProject
Project("{FAE04EC0-301F-11D3-BF4B-00C04F79EFBC}") = "Seminar5_HomeTask34", "Seminar5_HomeTask34\Seminar5_HomeTask34.csproj", "{705813DE-BB0B-4B08-9D46-2A329919BBD0}"
EndProject
Project("{FAE04EC0-301F-11D3-BF4B-00C04F79EFBC}") = "Seminar5_HomeTask37", "Seminar5_HomeTask36\Seminar5_HomeTask37.csproj", "{C2B2CAF3-68B8-4DED-B76C-FE7822E2D07A}"
EndProject
Project("{FAE04EC0-301F-11D3-BF4B-00C04F79EFBC}") = "Seminar5_HomeTask38", "Seminar5_HomeTask38\Seminar5_HomeTask38.csproj", "{16105096-C92D-4556-9C5C-8A0F1BE2A3ED}"
EndProject
Project("{2150E333-8FDC-42A3-9474-1A3956D46DE8}") = "Seminar_4", "Seminar_4", "{334736CA-EE3C-46E2-88A9-BDB74D3F459A}"
EndProject
Project("{2150E333-8FDC-42A3-9474-1A3956D46DE8}") = "Seminar_5", "Seminar_5", "{C30A2CFE-8AE1-4CBD-A735-3AEDB598D817}"
EndProject
Project("{2150E333-8FDC-42A3-9474-1A3956D46DE8}") = "Seminar_6", "Seminar_6", "{55A0AA48-B070-465F-AB80-C7FE84E9EB11}"
EndProject
Project("{FAE04EC0-301F-11D3-BF4B-00C04F79EFBC}") = "Seminar5_OnlineTask1", "Seminar5_OnlineTask1\Seminar5_OnlineTask1.csproj", "{30A36046-52D4-4801-A477-BDA7A46B9D53}"
EndProject
Project("{FAE04EC0-301F-11D3-BF4B-00C04F79EFBC}") = "Seminar5_OnlineTask2", "Seminar5_OnlineTask2\Seminar5_OnlineTask2.csproj", "{8AD38D40-B49A-4564-AC08-B902C66EA9F8}"
EndProject
Project("{FAE04EC0-301F-11D3-BF4B-00C04F79EFBC}") = "Seminar5_OnlineTask3", "Seminar5_OnlineTask3\Seminar5_OnlineTask3.csproj", "{04A9BBAA-5323-4D1D-A716-1F84B5E0363B}"
EndProject
Project("{FAE04EC0-301F-11D3-BF4B-00C04F79EFBC}") = "Seminar5_OnlineTask4", "Seminar5_OnlineTask4\Seminar5_OnlineTask4.csproj", "{7CAABECF-8315-4251-A473-B2C9D4489A5E}"
EndProject
Project("{FAE04EC0-301F-11D3-BF4B-00C04F79EFBC}") = "Seminar5_OnlineTask5", "Seminar5_OnlineTask5\Seminar5_OnlineTask5.csproj", "{6EE2250B-8F51-4596-AE5F-457B2539CDFA}"
EndProject
Project("{FAE04EC0-301F-11D3-BF4B-00C04F79EFBC}") = "Seminar6_ClassWork_Task39", "Seminar6\Seminar6_ClassWork_Task39\Seminar6_ClassWork_Task39.csproj", "{BF4EEBEF-6ACE-497E-B8C7-DE3D1EFCFCE0}"
EndProject
Project("{FAE04EC0-301F-11D3-BF4B-00C04F79EFBC}") = "Seminar6_ClassWork_Task42", "Seminar6\Seminar6_ClassWork_Task42\Seminar6_ClassWork_Task42.csproj", "{E4F0AB67-2586-4982-A400-A49FB076927E}"
EndProject
Project("{FAE04EC0-301F-11D3-BF4B-00C04F79EFBC}") = "Seminar6_ClassWork_Task44", "Seminar6\Seminar6_ClassWork_Task44\Seminar6_ClassWork_Task44.csproj", "{B39AD6A7-53D3-4394-B0E3-0F11C4D3F2A6}"
EndProject
Project("{FAE04EC0-301F-11D3-BF4B-00C04F79EFBC}") = "Seminar6_ClassWork_Task40", "Seminar6\Seminar6_ClassWork_Task40\Seminar6_ClassWork_Task40.csproj", "{15C2E772-214B-4C96-81F2-C868EAB4EFF3}"
EndProject
Project("{FAE04EC0-301F-11D3-BF4B-00C04F79EFBC}") = "Task45_Class", "Seminar6\Task45_Class\Task45_Class.csproj", "{528E2D37-F993-406B-909F-91459E0686C5}"
EndProject
Global
	GlobalSection(SolutionConfigurationPlatforms) = preSolution
		Debug|Any CPU = Debug|Any CPU
		Release|Any CPU = Release|Any CPU
	EndGlobalSection
	GlobalSection(ProjectConfigurationPlatforms) = postSolution
		{157F29F2-3F5C-4BD4-9763-6DC12A6271E3}.Debug|Any CPU.ActiveCfg = Debug|Any CPU
		{157F29F2-3F5C-4BD4-9763-6DC12A6271E3}.Debug|Any CPU.Build.0 = Debug|Any CPU
		{157F29F2-3F5C-4BD4-9763-6DC12A6271E3}.Release|Any CPU.ActiveCfg = Release|Any CPU
		{157F29F2-3F5C-4BD4-9763-6DC12A6271E3}.Release|Any CPU.Build.0 = Release|Any CPU
		{802EDDA7-72E3-4848-B49C-36401DDDFC37}.Debug|Any CPU.ActiveCfg = Debug|Any CPU
		{802EDDA7-72E3-4848-B49C-36401DDDFC37}.Debug|Any CPU.Build.0 = Debug|Any CPU
		{802EDDA7-72E3-4848-B49C-36401DDDFC37}.Release|Any CPU.ActiveCfg = Release|Any CPU
		{802EDDA7-72E3-4848-B49C-36401DDDFC37}.Release|Any CPU.Build.0 = Release|Any CPU
		{F191F293-A4AE-4DA9-8950-0643D97C15D7}.Debug|Any CPU.ActiveCfg = Debug|Any CPU
		{F191F293-A4AE-4DA9-8950-0643D97C15D7}.Debug|Any CPU.Build.0 = Debug|Any CPU
		{F191F293-A4AE-4DA9-8950-0643D97C15D7}.Release|Any CPU.ActiveCfg = Release|Any CPU
		{F191F293-A4AE-4DA9-8950-0643D97C15D7}.Release|Any CPU.Build.0 = Release|Any CPU
		{E3800903-3C53-4F38-ACF3-3BD5EF247D41}.Debug|Any CPU.ActiveCfg = Debug|Any CPU
		{E3800903-3C53-4F38-ACF3-3BD5EF247D41}.Debug|Any CPU.Build.0 = Debug|Any CPU
		{E3800903-3C53-4F38-ACF3-3BD5EF247D41}.Release|Any CPU.ActiveCfg = Release|Any CPU
		{E3800903-3C53-4F38-ACF3-3BD5EF247D41}.Release|Any CPU.Build.0 = Release|Any CPU
		{AC1FCD3E-B9B5-4CB0-9DDE-0B55CF686D3D}.Debug|Any CPU.ActiveCfg = Debug|Any CPU
		{AC1FCD3E-B9B5-4CB0-9DDE-0B55CF686D3D}.Debug|Any CPU.Build.0 = Debug|Any CPU
		{AC1FCD3E-B9B5-4CB0-9DDE-0B55CF686D3D}.Release|Any CPU.ActiveCfg = Release|Any CPU
		{AC1FCD3E-B9B5-4CB0-9DDE-0B55CF686D3D}.Release|Any CPU.Build.0 = Release|Any CPU
		{67C63117-326F-4090-9699-EDBDA377434C}.Debug|Any CPU.ActiveCfg = Debug|Any CPU
		{67C63117-326F-4090-9699-EDBDA377434C}.Debug|Any CPU.Build.0 = Debug|Any CPU
		{67C63117-326F-4090-9699-EDBDA377434C}.Release|Any CPU.ActiveCfg = Release|Any CPU
		{67C63117-326F-4090-9699-EDBDA377434C}.Release|Any CPU.Build.0 = Release|Any CPU
		{705813DE-BB0B-4B08-9D46-2A329919BBD0}.Debug|Any CPU.ActiveCfg = Debug|Any CPU
		{705813DE-BB0B-4B08-9D46-2A329919BBD0}.Debug|Any CPU.Build.0 = Debug|Any CPU
		{705813DE-BB0B-4B08-9D46-2A329919BBD0}.Release|Any CPU.ActiveCfg = Release|Any CPU
		{705813DE-BB0B-4B08-9D46-2A329919BBD0}.Release|Any CPU.Build.0 = Release|Any CPU
		{C2B2CAF3-68B8-4DED-B76C-FE7822E2D07A}.Debug|Any CPU.ActiveCfg = Debug|Any CPU
		{C2B2CAF3-68B8-4DED-B76C-FE7822E2D07A}.Debug|Any CPU.Build.0 = Debug|Any CPU
		{C2B2CAF3-68B8-4DED-B76C-FE7822E2D07A}.Release|Any CPU.ActiveCfg = Release|Any CPU
		{C2B2CAF3-68B8-4DED-B76C-FE7822E2D07A}.Release|Any CPU.Build.0 = Release|Any CPU
		{16105096-C92D-4556-9C5C-8A0F1BE2A3ED}.Debug|Any CPU.ActiveCfg = Debug|Any CPU
		{16105096-C92D-4556-9C5C-8A0F1BE2A3ED}.Debug|Any CPU.Build.0 = Debug|Any CPU
		{16105096-C92D-4556-9C5C-8A0F1BE2A3ED}.Release|Any CPU.ActiveCfg = Release|Any CPU
		{16105096-C92D-4556-9C5C-8A0F1BE2A3ED}.Release|Any CPU.Build.0 = Release|Any CPU
		{30A36046-52D4-4801-A477-BDA7A46B9D53}.Debug|Any CPU.ActiveCfg = Debug|Any CPU
		{30A36046-52D4-4801-A477-BDA7A46B9D53}.Debug|Any CPU.Build.0 = Debug|Any CPU
		{30A36046-52D4-4801-A477-BDA7A46B9D53}.Release|Any CPU.ActiveCfg = Release|Any CPU
		{30A36046-52D4-4801-A477-BDA7A46B9D53}.Release|Any CPU.Build.0 = Release|Any CPU
		{8AD38D40-B49A-4564-AC08-B902C66EA9F8}.Debug|Any CPU.ActiveCfg = Debug|Any CPU
		{8AD38D40-B49A-4564-AC08-B902C66EA9F8}.Debug|Any CPU.Build.0 = Debug|Any CPU
		{8AD38D40-B49A-4564-AC08-B902C66EA9F8}.Release|Any CPU.ActiveCfg = Release|Any CPU
		{8AD38D40-B49A-4564-AC08-B902C66EA9F8}.Release|Any CPU.Build.0 = Release|Any CPU
		{04A9BBAA-5323-4D1D-A716-1F84B5E0363B}.Debug|Any CPU.ActiveCfg = Debug|Any CPU
		{04A9BBAA-5323-4D1D-A716-1F84B5E0363B}.Debug|Any CPU.Build.0 = Debug|Any CPU
		{04A9BBAA-5323-4D1D-A716-1F84B5E0363B}.Release|Any CPU.ActiveCfg = Release|Any CPU
		{04A9BBAA-5323-4D1D-A716-1F84B5E0363B}.Release|Any CPU.Build.0 = Release|Any CPU
		{7CAABECF-8315-4251-A473-B2C9D4489A5E}.Debug|Any CPU.ActiveCfg = Debug|Any CPU
		{7CAABECF-8315-4251-A473-B2C9D4489A5E}.Debug|Any CPU.Build.0 = Debug|Any CPU
		{7CAABECF-8315-4251-A473-B2C9D4489A5E}.Release|Any CPU.ActiveCfg = Release|Any CPU
		{7CAABECF-8315-4251-A473-B2C9D4489A5E}.Release|Any CPU.Build.0 = Release|Any CPU
		{6EE2250B-8F51-4596-AE5F-457B2539CDFA}.Debug|Any CPU.ActiveCfg = Debug|Any CPU
		{6EE2250B-8F51-4596-AE5F-457B2539CDFA}.Debug|Any CPU.Build.0 = Debug|Any CPU
		{6EE2250B-8F51-4596-AE5F-457B2539CDFA}.Release|Any CPU.ActiveCfg = Release|Any CPU
		{6EE2250B-8F51-4596-AE5F-457B2539CDFA}.Release|Any CPU.Build.0 = Release|Any CPU
		{BF4EEBEF-6ACE-497E-B8C7-DE3D1EFCFCE0}.Debug|Any CPU.ActiveCfg = Debug|Any CPU
		{BF4EEBEF-6ACE-497E-B8C7-DE3D1EFCFCE0}.Debug|Any CPU.Build.0 = Debug|Any CPU
		{BF4EEBEF-6ACE-497E-B8C7-DE3D1EFCFCE0}.Release|Any CPU.ActiveCfg = Release|Any CPU
		{BF4EEBEF-6ACE-497E-B8C7-DE3D1EFCFCE0}.Release|Any CPU.Build.0 = Release|Any CPU
		{E4F0AB67-2586-4982-A400-A49FB076927E}.Debug|Any CPU.ActiveCfg = Debug|Any CPU
		{E4F0AB67-2586-4982-A400-A49FB076927E}.Debug|Any CPU.Build.0 = Debug|Any CPU
		{E4F0AB67-2586-4982-A400-A49FB076927E}.Release|Any CPU.ActiveCfg = Release|Any CPU
		{E4F0AB67-2586-4982-A400-A49FB076927E}.Release|Any CPU.Build.0 = Release|Any CPU
		{B39AD6A7-53D3-4394-B0E3-0F11C4D3F2A6}.Debug|Any CPU.ActiveCfg = Debug|Any CPU
		{B39AD6A7-53D3-4394-B0E3-0F11C4D3F2A6}.Debug|Any CPU.Build.0 = Debug|Any CPU
		{B39AD6A7-53D3-4394-B0E3-0F11C4D3F2A6}.Release|Any CPU.ActiveCfg = Release|Any CPU
		{B39AD6A7-53D3-4394-B0E3-0F11C4D3F2A6}.Release|Any CPU.Build.0 = Release|Any CPU
		{15C2E772-214B-4C96-81F2-C868EAB4EFF3}.Debug|Any CPU.ActiveCfg = Debug|Any CPU
		{15C2E772-214B-4C96-81F2-C868EAB4EFF3}.Debug|Any CPU.Build.0 = Debug|Any CPU
		{15C2E772-214B-4C96-81F2-C868EAB4EFF3}.Release|Any CPU.ActiveCfg = Release|Any CPU
		{15C2E772-214B-4C96-81F2-C868EAB4EFF3}.Release|Any CPU.Build.0 = Release|Any CPU
		{528E2D37-F993-406B-909F-91459E0686C5}.Debug|Any CPU.ActiveCfg = Debug|Any CPU
		{528E2D37-F993-406B-909F-91459E0686C5}.Debug|Any CPU.Build.0 = Debug|Any CPU
		{528E2D37-F993-406B-909F-91459E0686C5}.Release|Any CPU.ActiveCfg = Release|Any CPU
		{528E2D37-F993-406B-909F-91459E0686C5}.Release|Any CPU.Build.0 = Release|Any CPU
	EndGlobalSection
	GlobalSection(SolutionProperties) = preSolution
		HideSolutionNode = FALSE
	EndGlobalSection
	GlobalSection(ExtensibilityGlobals) = postSolution
		SolutionGuid = {93C31E84-5BF1-4D2A-BE31-E962693EFF50}
	EndGlobalSection
	GlobalSection(NestedProjects) = preSolution
		{E3800903-3C53-4F38-ACF3-3BD5EF247D41} = {334736CA-EE3C-46E2-88A9-BDB74D3F459A}
		{AC1FCD3E-B9B5-4CB0-9DDE-0B55CF686D3D} = {334736CA-EE3C-46E2-88A9-BDB74D3F459A}
		{67C63117-326F-4090-9699-EDBDA377434C} = {334736CA-EE3C-46E2-88A9-BDB74D3F459A}
		{157F29F2-3F5C-4BD4-9763-6DC12A6271E3} = {334736CA-EE3C-46E2-88A9-BDB74D3F459A}
		{802EDDA7-72E3-4848-B49C-36401DDDFC37} = {334736CA-EE3C-46E2-88A9-BDB74D3F459A}
		{F191F293-A4AE-4DA9-8950-0643D97C15D7} = {334736CA-EE3C-46E2-88A9-BDB74D3F459A}
		{705813DE-BB0B-4B08-9D46-2A329919BBD0} = {C30A2CFE-8AE1-4CBD-A735-3AEDB598D817}
		{C2B2CAF3-68B8-4DED-B76C-FE7822E2D07A} = {C30A2CFE-8AE1-4CBD-A735-3AEDB598D817}
		{16105096-C92D-4556-9C5C-8A0F1BE2A3ED} = {C30A2CFE-8AE1-4CBD-A735-3AEDB598D817}
		{30A36046-52D4-4801-A477-BDA7A46B9D53} = {C30A2CFE-8AE1-4CBD-A735-3AEDB598D817}
		{8AD38D40-B49A-4564-AC08-B902C66EA9F8} = {C30A2CFE-8AE1-4CBD-A735-3AEDB598D817}
		{04A9BBAA-5323-4D1D-A716-1F84B5E0363B} = {C30A2CFE-8AE1-4CBD-A735-3AEDB598D817}
		{7CAABECF-8315-4251-A473-B2C9D4489A5E} = {C30A2CFE-8AE1-4CBD-A735-3AEDB598D817}
		{6EE2250B-8F51-4596-AE5F-457B2539CDFA} = {C30A2CFE-8AE1-4CBD-A735-3AEDB598D817}
		{BF4EEBEF-6ACE-497E-B8C7-DE3D1EFCFCE0} = {55A0AA48-B070-465F-AB80-C7FE84E9EB11}
		{E4F0AB67-2586-4982-A400-A49FB076927E} = {55A0AA48-B070-465F-AB80-C7FE84E9EB11}
		{B39AD6A7-53D3-4394-B0E3-0F11C4D3F2A6} = {55A0AA48-B070-465F-AB80-C7FE84E9EB11}
		{15C2E772-214B-4C96-81F2-C868EAB4EFF3} = {55A0AA48-B070-465F-AB80-C7FE84E9EB11}
		{528E2D37-F993-406B-909F-91459E0686C5} = {55A0AA48-B070-465F-AB80-C7FE84E9EB11}
	EndGlobalSection
EndGlobal
